
Microsoft Visual Studio Solution File, Format Version 12.00
Project("{FAE04EC0-301F-11D3-BF4B-00C04F79EFBC}") = "ETUAnaSayfa", "ETUAnaSayfa\ETUAnaSayfa.csproj", "{EC89F51B-FE85-49B3-8F6B-F3B81235E533}"
EndProject
Global
	GlobalSection(SolutionConfigurationPlatforms) = preSolution
		Debug|Any CPU = Debug|Any CPU
		Release|Any CPU = Release|Any CPU
	EndGlobalSection
	GlobalSection(ProjectConfigurationPlatforms) = postSolution
		{EC89F51B-FE85-49B3-8F6B-F3B81235E533}.Debug|Any CPU.ActiveCfg = Debug|Any CPU
		{EC89F51B-FE85-49B3-8F6B-F3B81235E533}.Debug|Any CPU.Build.0 = Debug|Any CPU
		{EC89F51B-FE85-49B3-8F6B-F3B81235E533}.Release|Any CPU.ActiveCfg = Release|Any CPU
		{EC89F51B-FE85-49B3-8F6B-F3B81235E533}.Release|Any CPU.Build.0 = Release|Any CPU
	EndGlobalSection
EndGlobal
